
Microsoft Visual Studio Solution File, Format Version 12.00
# Visual Studio 15
VisualStudioVersion = 15.0.28307.572
MinimumVisualStudioVersion = 10.0.40219.1
Project("{FAE04EC0-301F-11D3-BF4B-00C04F79EFBC}") = "bla bla bla codigo 1", "bla bla bla codigo 1\bla bla bla codigo 1.csproj", "{3656D146-C56B-4835-A7AC-F506D53B5422}"
EndProject
Global
	GlobalSection(SolutionConfigurationPlatforms) = preSolution
		Debug|Any CPU = Debug|Any CPU
		Release|Any CPU = Release|Any CPU
	EndGlobalSection
	GlobalSection(ProjectConfigurationPlatforms) = postSolution
		{3656D146-C56B-4835-A7AC-F506D53B5422}.Debug|Any CPU.ActiveCfg = Debug|Any CPU
		{3656D146-C56B-4835-A7AC-F506D53B5422}.Debug|Any CPU.Build.0 = Debug|Any CPU
		{3656D146-C56B-4835-A7AC-F506D53B5422}.Release|Any CPU.ActiveCfg = Release|Any CPU
		{3656D146-C56B-4835-A7AC-F506D53B5422}.Release|Any CPU.Build.0 = Release|Any CPU
	EndGlobalSection
	GlobalSection(SolutionProperties) = preSolution
		HideSolutionNode = FALSE
	EndGlobalSection
	GlobalSection(ExtensibilityGlobals) = postSolution
		SolutionGuid = {5CDAB673-26FF-4F71-8F73-7C61C1D00A91}
	EndGlobalSection
EndGlobal
